// !$*UTF8*$!
{
	archiveVersion = 1;
	classes = {
	};
	objectVersion = 56;
	objects = {

/* Begin PBXBuildFile section */
		A10000000000000000000001 /* MetrogasApp.swift in Sources */ = {isa = PBXBuildFile; fileRef = B10000000000000000000001 /* MetrogasApp.swift */; };
		A10000000000000000000002 /* MetrogasTheme.swift in Sources */ = {isa = PBXBuildFile; fileRef = B10000000000000000000002 /* MetrogasTheme.swift */; };
		A10000000000000000000003 /* Invoice.swift in Sources */ = {isa = PBXBuildFile; fileRef = B10000000000000000000003 /* Invoice.swift */; };
		A10000000000000000000004 /* Consumption.swift in Sources */ = {isa = PBXBuildFile; fileRef = B10000000000000000000004 /* Consumption.swift */; };
		A10000000000000000000005 /* Account.swift in Sources */ = {isa = PBXBuildFile; fileRef = B10000000000000000000005 /* Account.swift */; };
		A10000000000000000000006 /* Formatters.swift in Sources */ = {isa = PBXBuildFile; fileRef = B10000000000000000000006 /* Formatters.swift */; };
		A10000000000000000000008 /* SharedComponents.swift in Sources */ = {isa = PBXBuildFile; fileRef = B10000000000000000000008 /* SharedComponents.swift */; };
		A10000000000000000000027 /* TabBarScrollState.swift in Sources */ = {isa = PBXBuildFile; fileRef = B10000000000000000000027 /* TabBarScrollState.swift */; };
		A10000000000000000000009 /* RootTabView.swift in Sources */ = {isa = PBXBuildFile; fileRef = B10000000000000000000009 /* RootTabView.swift */; };
		A1000000000000000000000A /* HomeView.swift in Sources */ = {isa = PBXBuildFile; fileRef = B1000000000000000000000A /* HomeView.swift */; };
		A1000000000000000000000C /* InvoiceListView.swift in Sources */ = {isa = PBXBuildFile; fileRef = B1000000000000000000000C /* InvoiceListView.swift */; };
		A1000000000000000000000E /* ConsumptionView.swift in Sources */ = {isa = PBXBuildFile; fileRef = B1000000000000000000000E /* ConsumptionView.swift */; };
		A1000000000000000000000F /* AccountView.swift in Sources */ = {isa = PBXBuildFile; fileRef = B1000000000000000000000F /* AccountView.swift */; };
		A10000000000000000000010 /* Assets.xcassets in Resources */ = {isa = PBXBuildFile; fileRef = B10000000000000000000010 /* Assets.xcassets */; };
		A10000000000000000000011 /* Charts.framework in Frameworks */ = {isa = PBXBuildFile; fileRef = B10000000000000000000011 /* Charts.framework */; };
		A10000000000000000000012 /* ReminderService.swift in Sources */ = {isa = PBXBuildFile; fileRef = B10000000000000000000012 /* ReminderService.swift */; };
		A10000000000000000000013 /* LaunchSplashView.swift in Sources */ = {isa = PBXBuildFile; fileRef = B10000000000000000000013 /* LaunchSplashView.swift */; };
		A10000000000000000000015 /* metrogas-logo.svg in Resources */ = {isa = PBXBuildFile; fileRef = B10000000000000000000015 /* metrogas-logo.svg */; };
		A10000000000000000000016 /* SOURCE.txt in Resources */ = {isa = PBXBuildFile; fileRef = B10000000000000000000016 /* SOURCE.txt */; };

		A10000000000000000000017 /* MetrogasURLs.swift in Sources */ = {isa = PBXBuildFile; fileRef = B10000000000000000000017 /* MetrogasURLs.swift */; };
		A10000000000000000000018 /* AppSession.swift in Sources */ = {isa = PBXBuildFile; fileRef = B10000000000000000000018 /* AppSession.swift */; };
		A1000000000000000000001A /* LoginView.swift in Sources */ = {isa = PBXBuildFile; fileRef = B1000000000000000000001A /* LoginView.swift */; };
		A1000000000000000000001B /* MetrogasAuthService.swift in Sources */ = {isa = PBXBuildFile; fileRef = B1000000000000000000001B /* MetrogasAuthService.swift */; };
		A1000000000000000000001C /* WebCookieBridge.swift in Sources */ = {isa = PBXBuildFile; fileRef = B1000000000000000000001C /* WebCookieBridge.swift */; };
		A1000000000000000000001D /* GoogleAuthView.swift in Sources */ = {isa = PBXBuildFile; fileRef = B1000000000000000000001D /* GoogleAuthView.swift */; };
		A1000000000000000000001E /* AccountDataStore.swift in Sources */ = {isa = PBXBuildFile; fileRef = B1000000000000000000001E /* AccountDataStore.swift */; };
		A1000000000000000000001F /* MetrogasDataService.swift in Sources */ = {isa = PBXBuildFile; fileRef = B1000000000000000000001F /* MetrogasDataService.swift */; };
		A10000000000000000000023 /* CredentialStore.swift in Sources */ = {isa = PBXBuildFile; fileRef = B10000000000000000000023 /* CredentialStore.swift */; };
		A10000000000000000000024 /* PortalDataBridge.swift in Sources */ = {isa = PBXBuildFile; fileRef = B10000000000000000000024 /* PortalDataBridge.swift */; };
		A10000000000000000000025 /* MetrogasJSONParser.swift in Sources */ = {isa = PBXBuildFile; fileRef = B10000000000000000000025 /* MetrogasJSONParser.swift */; };
		A10000000000000000000026 /* LinkedAccountStore.swift in Sources */ = {isa = PBXBuildFile; fileRef = B10000000000000000000026 /* LinkedAccountStore.swift */; };
		A10000000000000000000020 /* InvoiceDetailView.swift in Sources */ = {isa = PBXBuildFile; fileRef = B10000000000000000000020 /* InvoiceDetailView.swift */; };
		A10000000000000000000021 /* InvoiceRowView.swift in Sources */ = {isa = PBXBuildFile; fileRef = B10000000000000000000021 /* InvoiceRowView.swift */; };
		A10000000000000000000022 /* UpcomingDueSection.swift in Sources */ = {isa = PBXBuildFile; fileRef = B10000000000000000000022 /* UpcomingDueSection.swift */; };
/* End PBXBuildFile section */

/* Begin PBXFileReference section */
		B10000000000000000000001 /* MetrogasApp.swift */ = {isa = PBXFileReference; lastKnownFileType = sourcecode.swift; path = MetrogasApp.swift; sourceTree = "<group>"; };
		B10000000000000000000002 /* MetrogasTheme.swift */ = {isa = PBXFileReference; lastKnownFileType = sourcecode.swift; path = MetrogasTheme.swift; sourceTree = "<group>"; };
		B10000000000000000000003 /* Invoice.swift */ = {isa = PBXFileReference; lastKnownFileType = sourcecode.swift; path = Invoice.swift; sourceTree = "<group>"; };
		B10000000000000000000004 /* Consumption.swift */ = {isa = PBXFileReference; lastKnownFileType = sourcecode.swift; path = Consumption.swift; sourceTree = "<group>"; };
		B10000000000000000000005 /* Account.swift */ = {isa = PBXFileReference; lastKnownFileType = sourcecode.swift; path = Account.swift; sourceTree = "<group>"; };
		B10000000000000000000006 /* Formatters.swift */ = {isa = PBXFileReference; lastKnownFileType = sourcecode.swift; path = Formatters.swift; sourceTree = "<group>"; };
		B10000000000000000000008 /* SharedComponents.swift */ = {isa = PBXFileReference; lastKnownFileType = sourcecode.swift; path = SharedComponents.swift; sourceTree = "<group>"; };
		B10000000000000000000027 /* TabBarScrollState.swift */ = {isa = PBXFileReference; lastKnownFileType = sourcecode.swift; path = TabBarScrollState.swift; sourceTree = "<group>"; };
		B10000000000000000000009 /* RootTabView.swift */ = {isa = PBXFileReference; lastKnownFileType = sourcecode.swift; path = RootTabView.swift; sourceTree = "<group>"; };
		B1000000000000000000000A /* HomeView.swift */ = {isa = PBXFileReference; lastKnownFileType = sourcecode.swift; path = HomeView.swift; sourceTree = "<group>"; };
		B1000000000000000000000C /* InvoiceListView.swift */ = {isa = PBXFileReference; lastKnownFileType = sourcecode.swift; path = InvoiceListView.swift; sourceTree = "<group>"; };
		B1000000000000000000000E /* ConsumptionView.swift */ = {isa = PBXFileReference; lastKnownFileType = sourcecode.swift; path = ConsumptionView.swift; sourceTree = "<group>"; };
		B1000000000000000000000F /* AccountView.swift */ = {isa = PBXFileReference; lastKnownFileType = sourcecode.swift; path = AccountView.swift; sourceTree = "<group>"; };
		B10000000000000000000010 /* Assets.xcassets */ = {isa = PBXFileReference; lastKnownFileType = folder.assetcatalog; path = Assets.xcassets; sourceTree = "<group>"; };
		B10000000000000000000011 /* Charts.framework */ = {isa = PBXFileReference; lastKnownFileType = wrapper.framework; name = Charts.framework; path = System/Library/Frameworks/Charts.framework; sourceTree = SDKROOT; };
		B10000000000000000000012 /* ReminderService.swift */ = {isa = PBXFileReference; lastKnownFileType = sourcecode.swift; path = ReminderService.swift; sourceTree = "<group>"; };
		B10000000000000000000013 /* LaunchSplashView.swift */ = {isa = PBXFileReference; lastKnownFileType = sourcecode.swift; path = LaunchSplashView.swift; sourceTree = "<group>"; };
		B10000000000000000000015 /* metrogas-logo.svg */ = {isa = PBXFileReference; lastKnownFileType = text.xml; path = "metrogas-logo.svg"; sourceTree = "<group>"; };
		B10000000000000000000016 /* SOURCE.txt */ = {isa = PBXFileReference; lastKnownFileType = text; path = SOURCE.txt; sourceTree = "<group>"; };
		C10000000000000000000001 /* Metrogas.app */ = {isa = PBXFileReference; explicitFileType = wrapper.application; includeInIndex = 0; path = Metrogas.app; sourceTree = BUILT_PRODUCTS_DIR; };
		B10000000000000000000017 /* MetrogasURLs.swift */ = {isa = PBXFileReference; lastKnownFileType = sourcecode.swift; path = MetrogasURLs.swift; sourceTree = "<group>"; };
		B10000000000000000000018 /* AppSession.swift */ = {isa = PBXFileReference; lastKnownFileType = sourcecode.swift; path = AppSession.swift; sourceTree = "<group>"; };
		B1000000000000000000001A /* LoginView.swift */ = {isa = PBXFileReference; lastKnownFileType = sourcecode.swift; path = LoginView.swift; sourceTree = "<group>"; };
		B1000000000000000000001B /* MetrogasAuthService.swift */ = {isa = PBXFileReference; lastKnownFileType = sourcecode.swift; path = MetrogasAuthService.swift; sourceTree = "<group>"; };
		B1000000000000000000001C /* WebCookieBridge.swift */ = {isa = PBXFileReference; lastKnownFileType = sourcecode.swift; path = WebCookieBridge.swift; sourceTree = "<group>"; };
		B1000000000000000000001D /* GoogleAuthView.swift */ = {isa = PBXFileReference; lastKnownFileType = sourcecode.swift; path = GoogleAuthView.swift; sourceTree = "<group>"; };
		B1000000000000000000001E /* AccountDataStore.swift */ = {isa = PBXFileReference; lastKnownFileType = sourcecode.swift; path = AccountDataStore.swift; sourceTree = "<group>"; };
		B1000000000000000000001F /* MetrogasDataService.swift */ = {isa = PBXFileReference; lastKnownFileType = sourcecode.swift; path = MetrogasDataService.swift; sourceTree = "<group>"; };
		B10000000000000000000023 /* CredentialStore.swift */ = {isa = PBXFileReference; lastKnownFileType = sourcecode.swift; path = CredentialStore.swift; sourceTree = "<group>"; };
		B10000000000000000000024 /* PortalDataBridge.swift */ = {isa = PBXFileReference; lastKnownFileType = sourcecode.swift; path = PortalDataBridge.swift; sourceTree = "<group>"; };
		B10000000000000000000025 /* MetrogasJSONParser.swift */ = {isa = PBXFileReference; lastKnownFileType = sourcecode.swift; path = MetrogasJSONParser.swift; sourceTree = "<group>"; };
		B10000000000000000000026 /* LinkedAccountStore.swift */ = {isa = PBXFileReference; lastKnownFileType = sourcecode.swift; path = LinkedAccountStore.swift; sourceTree = "<group>"; };
		B10000000000000000000020 /* InvoiceDetailView.swift */ = {isa = PBXFileReference; lastKnownFileType = sourcecode.swift; path = InvoiceDetailView.swift; sourceTree = "<group>"; };
		B10000000000000000000021 /* InvoiceRowView.swift */ = {isa = PBXFileReference; lastKnownFileType = sourcecode.swift; path = InvoiceRowView.swift; sourceTree = "<group>"; };
		B10000000000000000000022 /* UpcomingDueSection.swift */ = {isa = PBXFileReference; lastKnownFileType = sourcecode.swift; path = UpcomingDueSection.swift; sourceTree = "<group>"; };
/* End PBXFileReference section */

/* Begin PBXFrameworksBuildPhase section */
		D10000000000000000000001 /* Frameworks */ = {
			isa = PBXFrameworksBuildPhase;
			buildActionMask = 2147483647;
			files = (
				A10000000000000000000011 /* Charts.framework in Frameworks */,
			);
			runOnlyForDeploymentPostprocessing = 0;
		};
/* End PBXFrameworksBuildPhase section */

/* Begin PBXGroup section */
		E10000000000000000000001 = {
			isa = PBXGroup;
			children = (
				E10000000000000000000002 /* Metrogas */,
				E10000000000000000000003 /* Products */,
				E10000000000000000000013 /* Frameworks */,
			);
			sourceTree = "<group>";
		};
		E10000000000000000000002 /* Metrogas */ = {
			isa = PBXGroup;
			children = (
				B10000000000000000000001 /* MetrogasApp.swift */,
				E10000000000000000000004 /* Models */,
				E10000000000000000000005 /* Data */,
				E10000000000000000000006 /* Theme */,
				E10000000000000000000007 /* Components */,
				E10000000000000000000008 /* Views */,
				E10000000000000000000012 /* Resources */,
			);
			path = Metrogas;
			sourceTree = "<group>";
		};
		E10000000000000000000003 /* Products */ = {
			isa = PBXGroup;
			children = (
				C10000000000000000000001 /* Metrogas.app */,
			);
			name = Products;
			sourceTree = "<group>";
		};
		E10000000000000000000004 /* Models */ = {
			isa = PBXGroup;
			children = (
				B10000000000000000000003 /* Invoice.swift */,
				B10000000000000000000004 /* Consumption.swift */,
				B10000000000000000000005 /* Account.swift */,
			);
			path = Models;
			sourceTree = "<group>";
		};
		E10000000000000000000005 /* Data */ = {
			isa = PBXGroup;
			children = (
				B10000000000000000000006 /* Formatters.swift */,
				B10000000000000000000017 /* MetrogasURLs.swift */,
				B10000000000000000000018 /* AppSession.swift */,
				B1000000000000000000001E /* AccountDataStore.swift */,
				B1000000000000000000001B /* MetrogasAuthService.swift */,
				B1000000000000000000001F /* MetrogasDataService.swift */,
				B10000000000000000000025 /* MetrogasJSONParser.swift */,
				B10000000000000000000026 /* LinkedAccountStore.swift */,
				B10000000000000000000024 /* PortalDataBridge.swift */,
				B10000000000000000000023 /* CredentialStore.swift */,
				B1000000000000000000001C /* WebCookieBridge.swift */,
				B10000000000000000000012 /* ReminderService.swift */,
			);
			path = Data;
			sourceTree = "<group>";
		};
		E10000000000000000000006 /* Theme */ = {
			isa = PBXGroup;
			children = (
				B10000000000000000000002 /* MetrogasTheme.swift */,
			);
			path = Theme;
			sourceTree = "<group>";
		};
		E10000000000000000000007 /* Components */ = {
			isa = PBXGroup;
			children = (
				B10000000000000000000008 /* SharedComponents.swift */,
				B10000000000000000000027 /* TabBarScrollState.swift */,
			);
			path = Components;
			sourceTree = "<group>";
		};
		E10000000000000000000008 /* Views */ = {
			isa = PBXGroup;
			children = (
				B10000000000000000000009 /* RootTabView.swift */,
				B10000000000000000000013 /* LaunchSplashView.swift */,
				E10000000000000000000015 /* Login */,
				E10000000000000000000009 /* Home */,
				E1000000000000000000000A /* Invoices */,
				E1000000000000000000000B /* Consumption */,
				E1000000000000000000000C /* Account */,
			);
			path = Views;
			sourceTree = "<group>";
		};
		E10000000000000000000015 /* Login */ = {
			isa = PBXGroup;
			children = (
				B1000000000000000000001A /* LoginView.swift */,
				B1000000000000000000001D /* GoogleAuthView.swift */,
			);
			path = Login;
			sourceTree = "<group>";
		};
		E10000000000000000000009 /* Home */ = {
			isa = PBXGroup;
			children = (
				B1000000000000000000000A /* HomeView.swift */,
				B10000000000000000000022 /* UpcomingDueSection.swift */,
			);
			path = Home;
			sourceTree = "<group>";
		};
		E1000000000000000000000A /* Invoices */ = {
			isa = PBXGroup;
			children = (
				B1000000000000000000000C /* InvoiceListView.swift */,
				B10000000000000000000020 /* InvoiceDetailView.swift */,
				B10000000000000000000021 /* InvoiceRowView.swift */,
			);
			path = Invoices;
			sourceTree = "<group>";
		};
		E1000000000000000000000B /* Consumption */ = {
			isa = PBXGroup;
			children = (
				B1000000000000000000000E /* ConsumptionView.swift */,
			);
			path = Consumption;
			sourceTree = "<group>";
		};
		E1000000000000000000000C /* Account */ = {
			isa = PBXGroup;
			children = (
				B1000000000000000000000F /* AccountView.swift */,
			);
			path = Account;
			sourceTree = "<group>";
		};
		E10000000000000000000012 /* Resources */ = {
			isa = PBXGroup;
			children = (
				B10000000000000000000010 /* Assets.xcassets */,
				E10000000000000000000014 /* Brand */,
			);
			path = Resources;
			sourceTree = "<group>";
		};
		E10000000000000000000014 /* Brand */ = {
			isa = PBXGroup;
			children = (
				B10000000000000000000015 /* metrogas-logo.svg */,
				B10000000000000000000016 /* SOURCE.txt */,
			);
			path = Brand;
			sourceTree = "<group>";
		};
		E10000000000000000000013 /* Frameworks */ = {
			isa = PBXGroup;
			children = (
				B10000000000000000000011 /* Charts.framework */,
			);
			name = Frameworks;
			sourceTree = "<group>";
		};
/* End PBXGroup section */

/* Begin PBXNativeTarget section */
		F10000000000000000000001 /* Metrogas */ = {
			isa = PBXNativeTarget;
			buildConfigurationList = F10000000000000000000004 /* Build configuration list for PBXNativeTarget "Metrogas" */;
			buildPhases = (
				F10000000000000000000002 /* Sources */,
				D10000000000000000000001 /* Frameworks */,
				F10000000000000000000003 /* Resources */,
			);
			buildRules = (
			);
			dependencies = (
			);
			name = Metrogas;
			productName = Metrogas;
			productReference = C10000000000000000000001 /* Metrogas.app */;
			productType = "com.apple.product-type.application";
		};
/* End PBXNativeTarget section */

/* Begin PBXProject section */
		F10000000000000000000005 /* Project object */ = {
			isa = PBXProject;
			attributes = {
				BuildIndependentTargetsInParallel = 1;
				LastSwiftUpdateCheck = 1540;
				LastUpgradeCheck = 1540;
				TargetAttributes = {
					F10000000000000000000001 = {
						CreatedOnToolsVersion = 15.4;
					};
				};
			};
			buildConfigurationList = F10000000000000000000006 /* Build configuration list for PBXProject "Metrogas" */;
			compatibilityVersion = "Xcode 14.0";
			developmentRegion = es_AR;
			hasScannedForEncodings = 0;
			knownRegions = (
				en,
				Base,
				es,
				"es_AR",
			);
			mainGroup = E10000000000000000000001;
			productRefGroup = E10000000000000000000003 /* Products */;
			projectDirPath = "";
			projectRoot = "";
			targets = (
				F10000000000000000000001 /* Metrogas */,
			);
		};
/* End PBXProject section */

/* Begin PBXResourcesBuildPhase section */
		F10000000000000000000003 /* Resources */ = {
			isa = PBXResourcesBuildPhase;
			buildActionMask = 2147483647;
			files = (
				A10000000000000000000010 /* Assets.xcassets in Resources */,
				A10000000000000000000015 /* metrogas-logo.svg in Resources */,
				A10000000000000000000016 /* SOURCE.txt in Resources */,
			);
			runOnlyForDeploymentPostprocessing = 0;
		};
/* End PBXResourcesBuildPhase section */

/* Begin PBXSourcesBuildPhase section */
		F10000000000000000000002 /* Sources */ = {
			isa = PBXSourcesBuildPhase;
			buildActionMask = 2147483647;
			files = (
				A10000000000000000000001 /* MetrogasApp.swift in Sources */,
				A10000000000000000000002 /* MetrogasTheme.swift in Sources */,
				A10000000000000000000003 /* Invoice.swift in Sources */,
				A10000000000000000000004 /* Consumption.swift in Sources */,
				A10000000000000000000005 /* Account.swift in Sources */,
				A10000000000000000000006 /* Formatters.swift in Sources */,
				A10000000000000000000017 /* MetrogasURLs.swift in Sources */,
				A10000000000000000000018 /* AppSession.swift in Sources */,
				A1000000000000000000001E /* AccountDataStore.swift in Sources */,
				A1000000000000000000001B /* MetrogasAuthService.swift in Sources */,
				A1000000000000000000001F /* MetrogasDataService.swift in Sources */,
				A10000000000000000000025 /* MetrogasJSONParser.swift in Sources */,
				A10000000000000000000026 /* LinkedAccountStore.swift in Sources */,
				A10000000000000000000024 /* PortalDataBridge.swift in Sources */,
				A10000000000000000000023 /* CredentialStore.swift in Sources */,
				A1000000000000000000001C /* WebCookieBridge.swift in Sources */,
				A10000000000000000000012 /* ReminderService.swift in Sources */,
				A10000000000000000000008 /* SharedComponents.swift in Sources */,
				A10000000000000000000027 /* TabBarScrollState.swift in Sources */,
				A10000000000000000000009 /* RootTabView.swift in Sources */,
				A10000000000000000000013 /* LaunchSplashView.swift in Sources */,
				A1000000000000000000001A /* LoginView.swift in Sources */,
				A1000000000000000000001D /* GoogleAuthView.swift in Sources */,
				A1000000000000000000000A /* HomeView.swift in Sources */,
				A10000000000000000000022 /* UpcomingDueSection.swift in Sources */,
				A1000000000000000000000C /* InvoiceListView.swift in Sources */,
				A10000000000000000000020 /* InvoiceDetailView.swift in Sources */,
				A10000000000000000000021 /* InvoiceRowView.swift in Sources */,
				A1000000000000000000000E /* ConsumptionView.swift in Sources */,
				A1000000000000000000000F /* AccountView.swift in Sources */,
			);
			runOnlyForDeploymentPostprocessing = 0;
		};
/* End PBXSourcesBuildPhase section */

/* Begin XCBuildConfiguration section */
		G10000000000000000000001 /* Debug */ = {
			isa = XCBuildConfiguration;
			buildSettings = {
				ALWAYS_SEARCH_USER_PATHS = NO;
				ASSETCATALOG_COMPILER_GENERATE_SWIFT_ASSET_SYMBOL_EXTENSIONS = YES;
				CLANG_ANALYZER_NONNULL = YES;
				CLANG_ANALYZER_NUMBER_OBJECT_CONVERSION = YES_AGGRESSIVE;
				CLANG_CXX_LANGUAGE_STANDARD = "gnu++20";
				CLANG_ENABLE_MODULES = YES;
				CLANG_ENABLE_OBJC_ARC = YES;
				CLANG_ENABLE_OBJC_WEAK = YES;
				CLANG_WARN_BLOCK_CAPTURE_AUTORELEASING = YES;
				CLANG_WARN_BOOL_CONVERSION = YES;
				CLANG_WARN_COMMA = YES;
				CLANG_WARN_CONSTANT_CONVERSION = YES;
				CLANG_WARN_DEPRECATED_OBJC_IMPLEMENTATIONS = YES;
				CLANG_WARN_DIRECT_OBJC_ISA_USAGE = YES_ERROR;
				CLANG_WARN_DOCUMENTATION_COMMENTS = YES;
				CLANG_WARN_EMPTY_BODY = YES;
				CLANG_WARN_ENUM_CONVERSION = YES;
				CLANG_WARN_INFINITE_RECURSION = YES;
				CLANG_WARN_INT_CONVERSION = YES;
				CLANG_WARN_NON_LITERAL_NULL_CONVERSION = YES;
				CLANG_WARN_OBJC_IMPLICIT_RETAIN_SELF = YES;
				CLANG_WARN_OBJC_LITERAL_CONVERSION = YES;
				CLANG_WARN_OBJC_ROOT_CLASS = YES_ERROR;
				CLANG_WARN_QUOTED_INCLUDE_IN_FRAMEWORK_HEADER = YES;
				CLANG_WARN_RANGE_LOOP_ANALYSIS = YES;
				CLANG_WARN_STRICT_PROTOTYPES = YES;
				CLANG_WARN_SUSPICIOUS_MOVE = YES;
				CLANG_WARN_UNGUARDED_AVAILABILITY = YES_AGGRESSIVE;
				CLANG_WARN_UNREACHABLE_CODE = YES;
				CLANG_WARN__DUPLICATE_METHOD_MATCH = YES;
				COPY_PHASE_STRIP = NO;
				DEBUG_INFORMATION_FORMAT = dwarf;
				ENABLE_STRICT_OBJC_MSGSEND = YES;
				ENABLE_TESTABILITY = YES;
				ENABLE_USER_SCRIPT_SANDBOXING = YES;
				GCC_C_LANGUAGE_STANDARD = gnu17;
				GCC_DYNAMIC_NO_PIC = NO;
				GCC_NO_COMMON_BLOCKS = YES;
				GCC_OPTIMIZATION_LEVEL = 0;
				GCC_PREPROCESSOR_DEFINITIONS = (
					"DEBUG=1",
					"$(inherited)",
				);
				GCC_WARN_64_TO_32_BIT_CONVERSION = YES;
				GCC_WARN_ABOUT_RETURN_TYPE = YES_ERROR;
				GCC_WARN_UNDECLARED_SELECTOR = YES;
				GCC_WARN_UNINITIALIZED_AUTOS = YES_AGGRESSIVE;
				GCC_WARN_UNUSED_FUNCTION = YES;
				GCC_WARN_UNUSED_VARIABLE = YES;
				IPHONEOS_DEPLOYMENT_TARGET = 17.0;
				LOCALIZATION_PREFERS_STRING_CATALOGS = YES;
				MTL_ENABLE_DEBUG_INFO = INCLUDE_SOURCE;
				MTL_FAST_MATH = YES;
				ONLY_ACTIVE_ARCH = YES;
				SDKROOT = iphoneos;
				SWIFT_ACTIVE_COMPILATION_CONDITIONS = "DEBUG $(inherited)";
				SWIFT_OPTIMIZATION_LEVEL = "-Onone";
			};
			name = Debug;
		};
		G10000000000000000000002 /* Release */ = {
			isa = XCBuildConfiguration;
			buildSettings = {
				ALWAYS_SEARCH_USER_PATHS = NO;
				ASSETCATALOG_COMPILER_GENERATE_SWIFT_ASSET_SYMBOL_EXTENSIONS = YES;
				CLANG_ANALYZER_NONNULL = YES;
				CLANG_ANALYZER_NUMBER_OBJECT_CONVERSION = YES_AGGRESSIVE;
				CLANG_CXX_LANGUAGE_STANDARD = "gnu++20";
				CLANG_ENABLE_MODULES = YES;
				CLANG_ENABLE_OBJC_ARC = YES;
				CLANG_ENABLE_OBJC_WEAK = YES;
				CLANG_WARN_BLOCK_CAPTURE_AUTORELEASING = YES;
				CLANG_WARN_BOOL_CONVERSION = YES;
				CLANG_WARN_COMMA = YES;
				CLANG_WARN_CONSTANT_CONVERSION = YES;
				CLANG_WARN_DEPRECATED_OBJC_IMPLEMENTATIONS = YES;
				CLANG_WARN_DIRECT_OBJC_ISA_USAGE = YES_ERROR;
				CLANG_WARN_DOCUMENTATION_COMMENTS = YES;
				CLANG_WARN_EMPTY_BODY = YES;
				CLANG_WARN_ENUM_CONVERSION = YES;
				CLANG_WARN_INFINITE_RECURSION = YES;
				CLANG_WARN_INT_CONVERSION = YES;
				CLANG_WARN_NON_LITERAL_NULL_CONVERSION = YES;
				CLANG_WARN_OBJC_IMPLICIT_RETAIN_SELF = YES;
				CLANG_WARN_OBJC_LITERAL_CONVERSION = YES;
				CLANG_WARN_OBJC_ROOT_CLASS = YES_ERROR;
				CLANG_WARN_QUOTED_INCLUDE_IN_FRAMEWORK_HEADER = YES;
				CLANG_WARN_RANGE_LOOP_ANALYSIS = YES;
				CLANG_WARN_STRICT_PROTOTYPES = YES;
				CLANG_WARN_SUSPICIOUS_MOVE = YES;
				CLANG_WARN_UNGUARDED_AVAILABILITY = YES_AGGRESSIVE;
				CLANG_WARN_UNREACHABLE_CODE = YES;
				CLANG_WARN__DUPLICATE_METHOD_MATCH = YES;
				COPY_PHASE_STRIP = NO;
				DEBUG_INFORMATION_FORMAT = "dwarf-with-dsym";
				ENABLE_NS_ASSERTIONS = NO;
				ENABLE_STRICT_OBJC_MSGSEND = YES;
				ENABLE_USER_SCRIPT_SANDBOXING = YES;
				GCC_C_LANGUAGE_STANDARD = gnu17;
				GCC_NO_COMMON_BLOCKS = YES;
				GCC_WARN_64_TO_32_BIT_CONVERSION = YES;
				GCC_WARN_ABOUT_RETURN_TYPE = YES_ERROR;
				GCC_WARN_UNDECLARED_SELECTOR = YES;
				GCC_WARN_UNINITIALIZED_AUTOS = YES_AGGRESSIVE;
				GCC_WARN_UNUSED_FUNCTION = YES;
				GCC_WARN_UNUSED_VARIABLE = YES;
				IPHONEOS_DEPLOYMENT_TARGET = 17.0;
				LOCALIZATION_PREFERS_STRING_CATALOGS = YES;
				MTL_ENABLE_DEBUG_INFO = NO;
				MTL_FAST_MATH = YES;
				SDKROOT = iphoneos;
				SWIFT_COMPILATION_MODE = wholemodule;
				VALIDATE_PRODUCT = YES;
			};
			name = Release;
		};
		G10000000000000000000003 /* Debug */ = {
			isa = XCBuildConfiguration;
			buildSettings = {
				ASSETCATALOG_COMPILER_APPICON_NAME = AppIcon;
				ASSETCATALOG_COMPILER_GLOBAL_ACCENT_COLOR_NAME = AccentColor;
				CODE_SIGN_STYLE = Automatic;
				CURRENT_PROJECT_VERSION = 1;
				DEVELOPMENT_TEAM = "";
				ENABLE_PREVIEWS = YES;
				GENERATE_INFOPLIST_FILE = YES;
				INFOPLIST_KEY_CFBundleDisplayName = Metrogas;
				INFOPLIST_KEY_LSApplicationCategoryType = "public.app-category.utilities";
				INFOPLIST_KEY_UIApplicationSceneManifest_Generation = YES;
				INFOPLIST_KEY_UIApplicationSupportsIndirectInputEvents = YES;
				INFOPLIST_KEY_UILaunchScreen_Generation = YES;
				INFOPLIST_KEY_UISupportedInterfaceOrientations = UIInterfaceOrientationPortrait;
				INFOPLIST_KEY_UISupportedInterfaceOrientations_iPad = "UIInterfaceOrientationLandscapeLeft UIInterfaceOrientationLandscapeRight UIInterfaceOrientationPortrait UIInterfaceOrientationPortraitUpsideDown";
				LD_RUNPATH_SEARCH_PATHS = (
					"$(inherited)",
					"@executable_path/Frameworks",
				);
				MARKETING_VERSION = 1.0;
				PRODUCT_BUNDLE_IDENTIFIER = ar.com.metrogas.demo;
				PRODUCT_NAME = "$(TARGET_NAME)";
				SUPPORTED_PLATFORMS = "iphoneos iphonesimulator";
				SUPPORTS_MACCATALYST = NO;
				SWIFT_EMIT_LOC_STRINGS = YES;
				SWIFT_STRICT_CONCURRENCY = complete;
				SWIFT_VERSION = 5.0;
				TARGETED_DEVICE_FAMILY = 1;
			};
			name = Debug;
		};
		G10000000000000000000004 /* Release */ = {
			isa = XCBuildConfiguration;
			buildSettings = {
				ASSETCATALOG_COMPILER_APPICON_NAME = AppIcon;
				ASSETCATALOG_COMPILER_GLOBAL_ACCENT_COLOR_NAME = AccentColor;
				CODE_SIGN_STYLE = Automatic;
				CURRENT_PROJECT_VERSION = 1;
				DEVELOPMENT_TEAM = "";
				ENABLE_PREVIEWS = YES;
				GENERATE_INFOPLIST_FILE = YES;
				INFOPLIST_KEY_CFBundleDisplayName = Metrogas;
				INFOPLIST_KEY_LSApplicationCategoryType = "public.app-category.utilities";
				INFOPLIST_KEY_UIApplicationSceneManifest_Generation = YES;
				INFOPLIST_KEY_UIApplicationSupportsIndirectInputEvents = YES;
				INFOPLIST_KEY_UILaunchScreen_Generation = YES;
				INFOPLIST_KEY_UISupportedInterfaceOrientations = UIInterfaceOrientationPortrait;
				INFOPLIST_KEY_UISupportedInterfaceOrientations_iPad = "UIInterfaceOrientationLandscapeLeft UIInterfaceOrientationLandscapeRight UIInterfaceOrientationPortrait UIInterfaceOrientationPortraitUpsideDown";
				LD_RUNPATH_SEARCH_PATHS = (
					"$(inherited)",
					"@executable_path/Frameworks",
				);
				MARKETING_VERSION = 1.0;
				PRODUCT_BUNDLE_IDENTIFIER = ar.com.metrogas.demo;
				PRODUCT_NAME = "$(TARGET_NAME)";
				SUPPORTED_PLATFORMS = "iphoneos iphonesimulator";
				SUPPORTS_MACCATALYST = NO;
				SWIFT_EMIT_LOC_STRINGS = YES;
				SWIFT_STRICT_CONCURRENCY = complete;
				SWIFT_VERSION = 5.0;
				TARGETED_DEVICE_FAMILY = 1;
			};
			name = Release;
		};
/* End XCBuildConfiguration section */

/* Begin XCConfigurationList section */
		F10000000000000000000004 /* Build configuration list for PBXNativeTarget "Metrogas" */ = {
			isa = XCConfigurationList;
			buildConfigurations = (
				G10000000000000000000003 /* Debug */,
				G10000000000000000000004 /* Release */,
			);
			defaultConfigurationIsVisible = 0;
			defaultConfigurationName = Release;
		};
		F10000000000000000000006 /* Build configuration list for PBXProject "Metrogas" */ = {
			isa = XCConfigurationList;
			buildConfigurations = (
				G10000000000000000000001 /* Debug */,
				G10000000000000000000002 /* Release */,
			);
			defaultConfigurationIsVisible = 0;
			defaultConfigurationName = Release;
		};
/* End XCConfigurationList section */
	};
	rootObject = F10000000000000000000005 /* Project object */;
}
